// !$*UTF8*$!
{
	archiveVersion = 1;
	classes = {
	};
	objectVersion = 56;
	objects = {

/* Begin PBXBuildFile section */
		0A387D8F29BBB69A000C213B /* CycleLockApp.swift in Sources */ = {isa = PBXBuildFile; fileRef = 0A387D8E29BBB69A000C213B /* CycleLockApp.swift */; };
		0A387D9129BBB69A000C213B /* ContentView.swift in Sources */ = {isa = PBXBuildFile; fileRef = 0A387D9029BBB69A000C213B /* ContentView.swift */; };
		0A387D9329BBB69B000C213B /* Assets.xcassets in Resources */ = {isa = PBXBuildFile; fileRef = 0A387D9229BBB69B000C213B /* Assets.xcassets */; };
		0A387D9629BBB69B000C213B /* Preview Assets.xcassets in Resources */ = {isa = PBXBuildFile; fileRef = 0A387D9529BBB69B000C213B /* Preview Assets.xcassets */; };
		0A387DA029BBB69B000C213B /* CycleLockTests.swift in Sources */ = {isa = PBXBuildFile; fileRef = 0A387D9F29BBB69B000C213B /* CycleLockTests.swift */; };
		0A387DAA29BBB69B000C213B /* CycleLockUITests.swift in Sources */ = {isa = PBXBuildFile; fileRef = 0A387DA929BBB69B000C213B /* CycleLockUITests.swift */; };
		0A387DAC29BBB69B000C213B /* CycleLockUITestsLaunchTests.swift in Sources */ = {isa = PBXBuildFile; fileRef = 0A387DAB29BBB69B000C213B /* CycleLockUITestsLaunchTests.swift */; };
/* End PBXBuildFile section */

/* Begin PBXContainerItemProxy section */
		0A387D9C29BBB69B000C213B /* PBXContainerItemProxy */ = {
			isa = PBXContainerItemProxy;
			containerPortal = 0A387D8329BBB69A000C213B /* Project object */;
			proxyType = 1;
			remoteGlobalIDString = 0A387D8A29BBB69A000C213B;
			remoteInfo = CycleLock;
		};
		0A387DA629BBB69B000C213B /* PBXContainerItemProxy */ = {
			isa = PBXContainerItemProxy;
			containerPortal = 0A387D8329BBB69A000C213B /* Project object */;
			proxyType = 1;
			remoteGlobalIDString = 0A387D8A29BBB69A000C213B;
			remoteInfo = CycleLock;
		};
/* End PBXContainerItemProxy section */

/* Begin PBXFileReference section */
		0A387D8B29BBB69A000C213B /* CycleLock.app */ = {isa = PBXFileReference; explicitFileType = wrapper.application; includeInIndex = 0; path = CycleLock.app; sourceTree = BUILT_PRODUCTS_DIR; };
		0A387D8E29BBB69A000C213B /* CycleLockApp.swift */ = {isa = PBXFileReference; lastKnownFileType = sourcecode.swift; path = CycleLockApp.swift; sourceTree = "<group>"; };
		0A387D9029BBB69A000C213B /* ContentView.swift */ = {isa = PBXFileReference; lastKnownFileType = sourcecode.swift; path = ContentView.swift; sourceTree = "<group>"; };
		0A387D9229BBB69B000C213B /* Assets.xcassets */ = {isa = PBXFileReference; lastKnownFileType = folder.assetcatalog; path = Assets.xcassets; sourceTree = "<group>"; };
		0A387D9529BBB69B000C213B /* Preview Assets.xcassets */ = {isa = PBXFileReference; lastKnownFileType = folder.assetcatalog; path = "Preview Assets.xcassets"; sourceTree = "<group>"; };
		0A387D9B29BBB69B000C213B /* CycleLockTests.xctest */ = {isa = PBXFileReference; explicitFileType = wrapper.cfbundle; includeInIndex = 0; path = CycleLockTests.xctest; sourceTree = BUILT_PRODUCTS_DIR; };
		0A387D9F29BBB69B000C213B /* CycleLockTests.swift */ = {isa = PBXFileReference; lastKnownFileType = sourcecode.swift; path = CycleLockTests.swift; sourceTree = "<group>"; };
		0A387DA529BBB69B000C213B /* CycleLockUITests.xctest */ = {isa = PBXFileReference; explicitFileType = wrapper.cfbundle; includeInIndex = 0; path = CycleLockUITests.xctest; sourceTree = BUILT_PRODUCTS_DIR; };
		0A387DA929BBB69B000C213B /* CycleLockUITests.swift */ = {isa = PBXFileReference; lastKnownFileType = sourcecode.swift; path = CycleLockUITests.swift; sourceTree = "<group>"; };
		0A387DAB29BBB69B000C213B /* CycleLockUITestsLaunchTests.swift */ = {isa = PBXFileReference; lastKnownFileType = sourcecode.swift; path = CycleLockUITestsLaunchTests.swift; sourceTree = "<group>"; };
/* End PBXFileReference section */

/* Begin PBXFrameworksBuildPhase section */
		0A387D8829BBB69A000C213B /* Frameworks */ = {
			isa = PBXFrameworksBuildPhase;
			buildActionMask = 2147483647;
			files = (
			);
			runOnlyForDeploymentPostprocessing = 0;
		};
		0A387D9829BBB69B000C213B /* Frameworks */ = {
			isa = PBXFrameworksBuildPhase;
			buildActionMask = 2147483647;
			files = (
			);
			runOnlyForDeploymentPostprocessing = 0;
		};
		0A387DA229BBB69B000C213B /* Frameworks */ = {
			isa = PBXFrameworksBuildPhase;
			buildActionMask = 2147483647;
			files = (
			);
			runOnlyForDeploymentPostprocessing = 0;
		};
/* End PBXFrameworksBuildPhase section */

/* Begin PBXGroup section */
		0A387D8229BBB69A000C213B = {
			isa = PBXGroup;
			children = (
				0A387D8D29BBB69A000C213B /* CycleLock */,
				0A387D9E29BBB69B000C213B /* CycleLockTests */,
				0A387DA829BBB69B000C213B /* CycleLockUITests */,
				0A387D8C29BBB69A000C213B /* Products */,
			);
			sourceTree = "<group>";
		};
		0A387D8C29BBB69A000C213B /* Products */ = {
			isa = PBXGroup;
			children = (
				0A387D8B29BBB69A000C213B /* CycleLock.app */,
				0A387D9B29BBB69B000C213B /* CycleLockTests.xctest */,
				0A387DA529BBB69B000C213B /* CycleLockUITests.xctest */,
			);
			name = Products;
			sourceTree = "<group>";
		};
		0A387D8D29BBB69A000C213B /* CycleLock */ = {
			isa = PBXGroup;
			children = (
				0A387D8E29BBB69A000C213B /* CycleLockApp.swift */,
				0A387D9029BBB69A000C213B /* ContentView.swift */,
				0A387D9229BBB69B000C213B /* Assets.xcassets */,
				0A387D9429BBB69B000C213B /* Preview Content */,
			);
			path = CycleLock;
			sourceTree = "<group>";
		};
		0A387D9429BBB69B000C213B /* Preview Content */ = {
			isa = PBXGroup;
			children = (
				0A387D9529BBB69B000C213B /* Preview Assets.xcassets */,
			);
			path = "Preview Content";
			sourceTree = "<group>";
		};
		0A387D9E29BBB69B000C213B /* CycleLockTests */ = {
			isa = PBXGroup;
			children = (
				0A387D9F29BBB69B000C213B /* CycleLockTests.swift */,
			);
			path = CycleLockTests;
			sourceTree = "<group>";
		};
		0A387DA829BBB69B000C213B /* CycleLockUITests */ = {
			isa = PBXGroup;
			children = (
				0A387DA929BBB69B000C213B /* CycleLockUITests.swift */,
				0A387DAB29BBB69B000C213B /* CycleLockUITestsLaunchTests.swift */,
			);
			path = CycleLockUITests;
			sourceTree = "<group>";
		};
/* End PBXGroup section */

/* Begin PBXNativeTarget section */
		0A387D8A29BBB69A000C213B /* CycleLock */ = {
			isa = PBXNativeTarget;
			buildConfigurationList = 0A387DAF29BBB69B000C213B /* Build configuration list for PBXNativeTarget "CycleLock" */;
			buildPhases = (
				0A387D8729BBB69A000C213B /* Sources */,
				0A387D8829BBB69A000C213B /* Frameworks */,
				0A387D8929BBB69A000C213B /* Resources */,
			);
			buildRules = (
			);
			dependencies = (
			);
			name = CycleLock;
			productName = CycleLock;
			productReference = 0A387D8B29BBB69A000C213B /* CycleLock.app */;
			productType = "com.apple.product-type.application";
		};
		0A387D9A29BBB69B000C213B /* CycleLockTests */ = {
			isa = PBXNativeTarget;
			buildConfigurationList = 0A387DB229BBB69B000C213B /* Build configuration list for PBXNativeTarget "CycleLockTests" */;
			buildPhases = (
				0A387D9729BBB69B000C213B /* Sources */,
				0A387D9829BBB69B000C213B /* Frameworks */,
				0A387D9929BBB69B000C213B /* Resources */,
			);
			buildRules = (
			);
			dependencies = (
				0A387D9D29BBB69B000C213B /* PBXTargetDependency */,
			);
			name = CycleLockTests;
			productName = CycleLockTests;
			productReference = 0A387D9B29BBB69B000C213B /* CycleLockTests.xctest */;
			productType = "com.apple.product-type.bundle.unit-test";
		};
		0A387DA429BBB69B000C213B /* CycleLockUITests */ = {
			isa = PBXNativeTarget;
			buildConfigurationList = 0A387DB529BBB69B000C213B /* Build configuration list for PBXNativeTarget "CycleLockUITests" */;
			buildPhases = (
				0A387DA129BBB69B000C213B /* Sources */,
				0A387DA229BBB69B000C213B /* Frameworks */,
				0A387DA329BBB69B000C213B /* Resources */,
			);
			buildRules = (
			);
			dependencies = (
				0A387DA729BBB69B000C213B /* PBXTargetDependency */,
			);
			name = CycleLockUITests;
			productName = CycleLockUITests;
			productReference = 0A387DA529BBB69B000C213B /* CycleLockUITests.xctest */;
			productType = "com.apple.product-type.bundle.ui-testing";
		};
/* End PBXNativeTarget section */

/* Begin PBXProject section */
		0A387D8329BBB69A000C213B /* Project object */ = {
			isa = PBXProject;
			attributes = {
				BuildIndependentTargetsInParallel = 1;
				LastSwiftUpdateCheck = 1420;
				LastUpgradeCheck = 1420;
				TargetAttributes = {
					0A387D8A29BBB69A000C213B = {
						CreatedOnToolsVersion = 14.2;
					};
					0A387D9A29BBB69B000C213B = {
						CreatedOnToolsVersion = 14.2;
						TestTargetID = 0A387D8A29BBB69A000C213B;
					};
					0A387DA429BBB69B000C213B = {
						CreatedOnToolsVersion = 14.2;
						TestTargetID = 0A387D8A29BBB69A000C213B;
					};
				};
			};
			buildConfigurationList = 0A387D8629BBB69A000C213B /* Build configuration list for PBXProject "CycleLock" */;
			compatibilityVersion = "Xcode 14.0";
			developmentRegion = en;
			hasScannedForEncodings = 0;
			knownRegions = (
				en,
				Base,
			);
			mainGroup = 0A387D8229BBB69A000C213B;
			productRefGroup = 0A387D8C29BBB69A000C213B /* Products */;
			projectDirPath = "";
			projectRoot = "";
			targets = (
				0A387D8A29BBB69A000C213B /* CycleLock */,
				0A387D9A29BBB69B000C213B /* CycleLockTests */,
				0A387DA429BBB69B000C213B /* CycleLockUITests */,
			);
		};
/* End PBXProject section */

/* Begin PBXResourcesBuildPhase section */
		0A387D8929BBB69A000C213B /* Resources */ = {
			isa = PBXResourcesBuildPhase;
			buildActionMask = 2147483647;
			files = (
				0A387D9629BBB69B000C213B /* Preview Assets.xcassets in Resources */,
				0A387D9329BBB69B000C213B /* Assets.xcassets in Resources */,
			);
			runOnlyForDeploymentPostprocessing = 0;
		};
		0A387D9929BBB69B000C213B /* Resources */ = {
			isa = PBXResourcesBuildPhase;
			buildActionMask = 2147483647;
			files = (
			);
			runOnlyForDeploymentPostprocessing = 0;
		};
		0A387DA329BBB69B000C213B /* Resources */ = {
			isa = PBXResourcesBuildPhase;
			buildActionMask = 2147483647;
			files = (
			);
			runOnlyForDeploymentPostprocessing = 0;
		};
/* End PBXResourcesBuildPhase section */

/* Begin PBXSourcesBuildPhase section */
		0A387D8729BBB69A000C213B /* Sources */ = {
			isa = PBXSourcesBuildPhase;
			buildActionMask = 2147483647;
			files = (
				0A387D9129BBB69A000C213B /* ContentView.swift in Sources */,
				0A387D8F29BBB69A000C213B /* CycleLockApp.swift in Sources */,
			);
			runOnlyForDeploymentPostprocessing = 0;
		};
		0A387D9729BBB69B000C213B /* Sources */ = {
			isa = PBXSourcesBuildPhase;
			buildActionMask = 2147483647;
			files = (
				0A387DA029BBB69B000C213B /* CycleLockTests.swift in Sources */,
			);
			runOnlyForDeploymentPostprocessing = 0;
		};
		0A387DA129BBB69B000C213B /* Sources */ = {
			isa = PBXSourcesBuildPhase;
			buildActionMask = 2147483647;
			files = (
				0A387DAC29BBB69B000C213B /* CycleLockUITestsLaunchTests.swift in Sources */,
				0A387DAA29BBB69B000C213B /* CycleLockUITests.swift in Sources */,
			);
			runOnlyForDeploymentPostprocessing = 0;
		};
/* End PBXSourcesBuildPhase section */

/* Begin PBXTargetDependency section */
		0A387D9D29BBB69B000C213B /* PBXTargetDependency */ = {
			isa = PBXTargetDependency;
			target = 0A387D8A29BBB69A000C213B /* CycleLock */;
			targetProxy = 0A387D9C29BBB69B000C213B /* PBXContainerItemProxy */;
		};
		0A387DA729BBB69B000C213B /* PBXTargetDependency */ = {
			isa = PBXTargetDependency;
			target = 0A387D8A29BBB69A000C213B /* CycleLock */;
			targetProxy = 0A387DA629BBB69B000C213B /* PBXContainerItemProxy */;
		};
/* End PBXTargetDependency section */

/* Begin XCBuildConfiguration section */
		0A387DAD29BBB69B000C213B /* Debug */ = {
			isa = XCBuildConfiguration;
			buildSettings = {
				ALWAYS_SEARCH_USER_PATHS = NO;
				CLANG_ANALYZER_NONNULL = YES;
				CLANG_ANALYZER_NUMBER_OBJECT_CONVERSION = YES_AGGRESSIVE;
				CLANG_CXX_LANGUAGE_STANDARD = "gnu++20";
				CLANG_ENABLE_MODULES = YES;
				CLANG_ENABLE_OBJC_ARC = YES;
				CLANG_ENABLE_OBJC_WEAK = YES;
				CLANG_WARN_BLOCK_CAPTURE_AUTORELEASING = YES;
				CLANG_WARN_BOOL_CONVERSION = YES;
				CLANG_WARN_COMMA = YES;
				CLANG_WARN_CONSTANT_CONVERSION = YES;
				CLANG_WARN_DEPRECATED_OBJC_IMPLEMENTATIONS = YES;
				CLANG_WARN_DIRECT_OBJC_ISA_USAGE = YES_ERROR;
				CLANG_WARN_DOCUMENTATION_COMMENTS = YES;
				CLANG_WARN_EMPTY_BODY = YES;
				CLANG_WARN_ENUM_CONVERSION = YES;
				CLANG_WARN_INFINITE_RECURSION = YES;
				CLANG_WARN_INT_CONVERSION = YES;
				CLANG_WARN_NON_LITERAL_NULL_CONVERSION = YES;
				CLANG_WARN_OBJC_IMPLICIT_RETAIN_SELF = YES;
				CLANG_WARN_OBJC_LITERAL_CONVERSION = YES;
				CLANG_WARN_OBJC_ROOT_CLASS = YES_ERROR;
				CLANG_WARN_QUOTED_INCLUDE_IN_FRAMEWORK_HEADER = YES;
				CLANG_WARN_RANGE_LOOP_ANALYSIS = YES;
				CLANG_WARN_STRICT_PROTOTYPES = YES;
				CLANG_WARN_SUSPICIOUS_MOVE = YES;
				CLANG_WARN_UNGUARDED_AVAILABILITY = YES_AGGRESSIVE;
				CLANG_WARN_UNREACHABLE_CODE = YES;
				CLANG_WARN__DUPLICATE_METHOD_MATCH = YES;
				COPY_PHASE_STRIP = NO;
				DEBUG_INFORMATION_FORMAT = dwarf;
				ENABLE_STRICT_OBJC_MSGSEND = YES;
				ENABLE_TESTABILITY = YES;
				GCC_C_LANGUAGE_STANDARD = gnu11;
				GCC_DYNAMIC_NO_PIC = NO;
				GCC_NO_COMMON_BLOCKS = YES;
				GCC_OPTIMIZATION_LEVEL = 0;
				GCC_PREPROCESSOR_DEFINITIONS = (
					"DEBUG=1",
					"$(inherited)",
				);
				GCC_WARN_64_TO_32_BIT_CONVERSION = YES;
				GCC_WARN_ABOUT_RETURN_TYPE = YES_ERROR;
				GCC_WARN_UNDECLARED_SELECTOR = YES;
				GCC_WARN_UNINITIALIZED_AUTOS = YES_AGGRESSIVE;
				GCC_WARN_UNUSED_FUNCTION = YES;
				GCC_WARN_UNUSED_VARIABLE = YES;
				IPHONEOS_DEPLOYMENT_TARGET = 16.2;
				MTL_ENABLE_DEBUG_INFO = INCLUDE_SOURCE;
				MTL_FAST_MATH = YES;
				ONLY_ACTIVE_ARCH = YES;
				SDKROOT = iphoneos;
				SWIFT_ACTIVE_COMPILATION_CONDITIONS = DEBUG;
				SWIFT_OPTIMIZATION_LEVEL = "-Onone";
			};
			name = Debug;
		};
		0A387DAE29BBB69B000C213B /* Release */ = {
			isa = XCBuildConfiguration;
			buildSettings = {
				ALWAYS_SEARCH_USER_PATHS = NO;
				CLANG_ANALYZER_NONNULL = YES;
				CLANG_ANALYZER_NUMBER_OBJECT_CONVERSION = YES_AGGRESSIVE;
				CLANG_CXX_LANGUAGE_STANDARD = "gnu++20";
				CLANG_ENABLE_MODULES = YES;
				CLANG_ENABLE_OBJC_ARC = YES;
				CLANG_ENABLE_OBJC_WEAK = YES;
				CLANG_WARN_BLOCK_CAPTURE_AUTORELEASING = YES;
				CLANG_WARN_BOOL_CONVERSION = YES;
				CLANG_WARN_COMMA = YES;
				CLANG_WARN_CONSTANT_CONVERSION = YES;
				CLANG_WARN_DEPRECATED_OBJC_IMPLEMENTATIONS = YES;
				CLANG_WARN_DIRECT_OBJC_ISA_USAGE = YES_ERROR;
				CLANG_WARN_DOCUMENTATION_COMMENTS = YES;
				CLANG_WARN_EMPTY_BODY = YES;
				CLANG_WARN_ENUM_CONVERSION = YES;
				CLANG_WARN_INFINITE_RECURSION = YES;
				CLANG_WARN_INT_CONVERSION = YES;
				CLANG_WARN_NON_LITERAL_NULL_CONVERSION = YES;
				CLANG_WARN_OBJC_IMPLICIT_RETAIN_SELF = YES;
				CLANG_WARN_OBJC_LITERAL_CONVERSION = YES;
				CLANG_WARN_OBJC_ROOT_CLASS = YES_ERROR;
				CLANG_WARN_QUOTED_INCLUDE_IN_FRAMEWORK_HEADER = YES;
				CLANG_WARN_RANGE_LOOP_ANALYSIS = YES;
				CLANG_WARN_STRICT_PROTOTYPES = YES;
				CLANG_WARN_SUSPICIOUS_MOVE = YES;
				CLANG_WARN_UNGUARDED_AVAILABILITY = YES_AGGRESSIVE;
				CLANG_WARN_UNREACHABLE_CODE = YES;
				CLANG_WARN__DUPLICATE_METHOD_MATCH = YES;
				COPY_PHASE_STRIP = NO;
				DEBUG_INFORMATION_FORMAT = "dwarf-with-dsym";
				ENABLE_NS_ASSERTIONS = NO;
				ENABLE_STRICT_OBJC_MSGSEND = YES;
				GCC_C_LANGUAGE_STANDARD = gnu11;
				GCC_NO_COMMON_BLOCKS = YES;
				GCC_WARN_64_TO_32_BIT_CONVERSION = YES;
				GCC_WARN_ABOUT_RETURN_TYPE = YES_ERROR;
				GCC_WARN_UNDECLARED_SELECTOR = YES;
				GCC_WARN_UNINITIALIZED_AUTOS = YES_AGGRESSIVE;
				GCC_WARN_UNUSED_FUNCTION = YES;
				GCC_WARN_UNUSED_VARIABLE = YES;
				IPHONEOS_DEPLOYMENT_TARGET = 16.2;
				MTL_ENABLE_DEBUG_INFO = NO;
				MTL_FAST_MATH = YES;
				SDKROOT = iphoneos;
				SWIFT_COMPILATION_MODE = wholemodule;
				SWIFT_OPTIMIZATION_LEVEL = "-O";
				VALIDATE_PRODUCT = YES;
			};
			name = Release;
		};
		0A387DB029BBB69B000C213B /* Debug */ = {
			isa = XCBuildConfiguration;
			buildSettings = {
				ASSETCATALOG_COMPILER_APPICON_NAME = AppIcon;
				ASSETCATALOG_COMPILER_GLOBAL_ACCENT_COLOR_NAME = AccentColor;
				CODE_SIGN_STYLE = Automatic;
				CURRENT_PROJECT_VERSION = 1;
				DEVELOPMENT_ASSET_PATHS = "\"CycleLock/Preview Content\"";
				DEVELOPMENT_TEAM = RV78ENMXZ2;
				ENABLE_PREVIEWS = YES;
				GENERATE_INFOPLIST_FILE = YES;
				INFOPLIST_KEY_UIApplicationSceneManifest_Generation = YES;
				INFOPLIST_KEY_UIApplicationSupportsIndirectInputEvents = YES;
				INFOPLIST_KEY_UILaunchScreen_Generation = YES;
				INFOPLIST_KEY_UISupportedInterfaceOrientations_iPad = "UIInterfaceOrientationPortrait UIInterfaceOrientationPortraitUpsideDown UIInterfaceOrientationLandscapeLeft UIInterfaceOrientationLandscapeRight";
				INFOPLIST_KEY_UISupportedInterfaceOrientations_iPhone = "UIInterfaceOrientationPortrait UIInterfaceOrientationLandscapeLeft UIInterfaceOrientationLandscapeRight";
				LD_RUNPATH_SEARCH_PATHS = (
					"$(inherited)",
					"@executable_path/Frameworks",
				);
				MARKETING_VERSION = 1.0;
				PRODUCT_BUNDLE_IDENTIFIER = luckdev.CycleLock;
				PRODUCT_NAME = "$(TARGET_NAME)";
				SWIFT_EMIT_LOC_STRINGS = YES;
				SWIFT_VERSION = 5.0;
				TARGETED_DEVICE_FAMILY = "1,2";
			};
			name = Debug;
		};
		0A387DB129BBB69B000C213B /* Release */ = {
			isa = XCBuildConfiguration;
			buildSettings = {
				ASSETCATALOG_COMPILER_APPICON_NAME = AppIcon;
				ASSETCATALOG_COMPILER_GLOBAL_ACCENT_COLOR_NAME = AccentColor;
				CODE_SIGN_STYLE = Automatic;
				CURRENT_PROJECT_VERSION = 1;
				DEVELOPMENT_ASSET_PATHS = "\"CycleLock/Preview Content\"";
				DEVELOPMENT_TEAM = RV78ENMXZ2;
				ENABLE_PREVIEWS = YES;
				GENERATE_INFOPLIST_FILE = YES;
				INFOPLIST_KEY_UIApplicationSceneManifest_Generation = YES;
				INFOPLIST_KEY_UIApplicationSupportsIndirectInputEvents = YES;
				INFOPLIST_KEY_UILaunchScreen_Generation = YES;
				INFOPLIST_KEY_UISupportedInterfaceOrientations_iPad = "UIInterfaceOrientationPortrait UIInterfaceOrientationPortraitUpsideDown UIInterfaceOrientationLandscapeLeft UIInterfaceOrientationLandscapeRight";
				INFOPLIST_KEY_UISupportedInterfaceOrientations_iPhone = "UIInterfaceOrientationPortrait UIInterfaceOrientationLandscapeLeft UIInterfaceOrientationLandscapeRight";
				LD_RUNPATH_SEARCH_PATHS = (
					"$(inherited)",
					"@executable_path/Frameworks",
				);
				MARKETING_VERSION = 1.0;
				PRODUCT_BUNDLE_IDENTIFIER = luckdev.CycleLock;
				PRODUCT_NAME = "$(TARGET_NAME)";
				SWIFT_EMIT_LOC_STRINGS = YES;
				SWIFT_VERSION = 5.0;
				TARGETED_DEVICE_FAMILY = "1,2";
			};
			name = Release;
		};
		0A387DB329BBB69B000C213B /* Debug */ = {
			isa = XCBuildConfiguration;
			buildSettings = {
				ALWAYS_EMBED_SWIFT_STANDARD_LIBRARIES = YES;
				BUNDLE_LOADER = "$(TEST_HOST)";
				CODE_SIGN_STYLE = Automatic;
				CURRENT_PROJECT_VERSION = 1;
				DEVELOPMENT_TEAM = RV78ENMXZ2;
				GENERATE_INFOPLIST_FILE = YES;
				IPHONEOS_DEPLOYMENT_TARGET = 16.2;
				MARKETING_VERSION = 1.0;
				PRODUCT_BUNDLE_IDENTIFIER = luckdev.CycleLockTests;
				PRODUCT_NAME = "$(TARGET_NAME)";
				SWIFT_EMIT_LOC_STRINGS = NO;
				SWIFT_VERSION = 5.0;
				TARGETED_DEVICE_FAMILY = "1,2";
				TEST_HOST = "$(BUILT_PRODUCTS_DIR)/CycleLock.app/$(BUNDLE_EXECUTABLE_FOLDER_PATH)/CycleLock";
			};
			name = Debug;
		};
		0A387DB429BBB69B000C213B /* Release */ = {
			isa = XCBuildConfiguration;
			buildSettings = {
				ALWAYS_EMBED_SWIFT_STANDARD_LIBRARIES = YES;
				BUNDLE_LOADER = "$(TEST_HOST)";
				CODE_SIGN_STYLE = Automatic;
				CURRENT_PROJECT_VERSION = 1;
				DEVELOPMENT_TEAM = RV78ENMXZ2;
				GENERATE_INFOPLIST_FILE = YES;
				IPHONEOS_DEPLOYMENT_TARGET = 16.2;
				MARKETING_VERSION = 1.0;
				PRODUCT_BUNDLE_IDENTIFIER = luckdev.CycleLockTests;
				PRODUCT_NAME = "$(TARGET_NAME)";
				SWIFT_EMIT_LOC_STRINGS = NO;
				SWIFT_VERSION = 5.0;
				TARGETED_DEVICE_FAMILY = "1,2";
				TEST_HOST = "$(BUILT_PRODUCTS_DIR)/CycleLock.app/$(BUNDLE_EXECUTABLE_FOLDER_PATH)/CycleLock";
			};
			name = Release;
		};
		0A387DB629BBB69B000C213B /* Debug */ = {
			isa = XCBuildConfiguration;
			buildSettings = {
				ALWAYS_EMBED_SWIFT_STANDARD_LIBRARIES = YES;
				CODE_SIGN_STYLE = Automatic;
				CURRENT_PROJECT_VERSION = 1;
				DEVELOPMENT_TEAM = RV78ENMXZ2;
				GENERATE_INFOPLIST_FILE = YES;
				MARKETING_VERSION = 1.0;
				PRODUCT_BUNDLE_IDENTIFIER = luckdev.CycleLockUITests;
				PRODUCT_NAME = "$(TARGET_NAME)";
				SWIFT_EMIT_LOC_STRINGS = NO;
				SWIFT_VERSION = 5.0;
				TARGETED_DEVICE_FAMILY = "1,2";
				TEST_TARGET_NAME = CycleLock;
			};
			name = Debug;
		};
		0A387DB729BBB69B000C213B /* Release */ = {
			isa = XCBuildConfiguration;
			buildSettings = {
				ALWAYS_EMBED_SWIFT_STANDARD_LIBRARIES = YES;
				CODE_SIGN_STYLE = Automatic;
				CURRENT_PROJECT_VERSION = 1;
				DEVELOPMENT_TEAM = RV78ENMXZ2;
				GENERATE_INFOPLIST_FILE = YES;
				MARKETING_VERSION = 1.0;
				PRODUCT_BUNDLE_IDENTIFIER = luckdev.CycleLockUITests;
				PRODUCT_NAME = "$(TARGET_NAME)";
				SWIFT_EMIT_LOC_STRINGS = NO;
				SWIFT_VERSION = 5.0;
				TARGETED_DEVICE_FAMILY = "1,2";
				TEST_TARGET_NAME = CycleLock;
			};
			name = Release;
		};
/* End XCBuildConfiguration section */

/* Begin XCConfigurationList section */
		0A387D8629BBB69A000C213B /* Build configuration list for PBXProject "CycleLock" */ = {
			isa = XCConfigurationList;
			buildConfigurations = (
				0A387DAD29BBB69B000C213B /* Debug */,
				0A387DAE29BBB69B000C213B /* Release */,
			);
			defaultConfigurationIsVisible = 0;
			defaultConfigurationName = Release;
		};
		0A387DAF29BBB69B000C213B /* Build configuration list for PBXNativeTarget "CycleLock" */ = {
			isa = XCConfigurationList;
			buildConfigurations = (
				0A387DB029BBB69B000C213B /* Debug */,
				0A387DB129BBB69B000C213B /* Release */,
			);
			defaultConfigurationIsVisible = 0;
			defaultConfigurationName = Release;
		};
		0A387DB229BBB69B000C213B /* Build configuration list for PBXNativeTarget "CycleLockTests" */ = {
			isa = XCConfigurationList;
			buildConfigurations = (
				0A387DB329BBB69B000C213B /* Debug */,
				0A387DB429BBB69B000C213B /* Release */,
			);
			defaultConfigurationIsVisible = 0;
			defaultConfigurationName = Release;
		};
		0A387DB529BBB69B000C213B /* Build configuration list for PBXNativeTarget "CycleLockUITests" */ = {
			isa = XCConfigurationList;
			buildConfigurations = (
				0A387DB629BBB69B000C213B /* Debug */,
				0A387DB729BBB69B000C213B /* Release */,
			);
			defaultConfigurationIsVisible = 0;
			defaultConfigurationName = Release;
		};
/* End XCConfigurationList section */
	};
	rootObject = 0A387D8329BBB69A000C213B /* Project object */;
}
